{
  "name": "size-chart",
  "lockfileVersion": 3,
  "requires": true,
  "packages": {
    "": {
      "name": "size-chart",
      "dependencies": {
        "shaka-player": "4.15.61"
      }
    },
    "node_modules/shaka-player": {
      "version": "4.15.61",
      "resolved": "https://registry.npmjs.org/shaka-player/-/shaka-player-4.15.61.tgz",
      "integrity": "sha512-XuIbpAZznPOT52iNifu4PaZNwacqtzyOFAU+l+tYQ48T4O9ocUGra7+qmHRedKTg4ZiKqfXflV8YGdqm846fig==",
      "license": "Apache-2.0",
      "engines": {
        "node": ">=18"
      }
    }
  }
}
